// !$*UTF8*$!
{
	archiveVersion = 1;
	classes = {
	};
	objectVersion = 50;
	objects = {

/* Begin PBXBuildFile section */
		5754CDBC22F71604009C40D9 /* AppDelegate.swift in Sources */ = {isa = PBXBuildFile; fileRef = 5754CDBB22F71604009C40D9 /* AppDelegate.swift */; };
		5754CDBE22F71604009C40D9 /* ViewController.swift in Sources */ = {isa = PBXBuildFile; fileRef = 5754CDBD22F71604009C40D9 /* ViewController.swift */; };
		5754CDC122F71604009C40D9 /* Main.storyboard in Resources */ = {isa = PBXBuildFile; fileRef = 5754CDBF22F71604009C40D9 /* Main.storyboard */; };
		5754CDC322F71605009C40D9 /* Assets.xcassets in Resources */ = {isa = PBXBuildFile; fileRef = 5754CDC222F71605009C40D9 /* Assets.xcassets */; };
		5754CDC622F71605009C40D9 /* LaunchScreen.storyboard in Resources */ = {isa = PBXBuildFile; fileRef = 5754CDC422F71605009C40D9 /* LaunchScreen.storyboard */; };
		5754CDD022F72F38009C40D9 /* TestHello.m in Sources */ = {isa = PBXBuildFile; fileRef = 5754CDCF22F72F38009C40D9 /* TestHello.m */; };
		5754CDD222F76A8D009C40D9 /* TestXib.xib in Resources */ = {isa = PBXBuildFile; fileRef = 5754CDD122F76A8D009C40D9 /* TestXib.xib */; };
/* End PBXBuildFile section */

/* Begin PBXFileReference section */
		5754CDB822F71604009C40D9 /* TestGitProject.app */ = {isa = PBXFileReference; explicitFileType = wrapper.application; includeInIndex = 0; path = TestGitProject.app; sourceTree = BUILT_PRODUCTS_DIR; };
		5754CDBB22F71604009C40D9 /* AppDelegate.swift */ = {isa = PBXFileReference; lastKnownFileType = sourcecode.swift; path = AppDelegate.swift; sourceTree = "<group>"; };
		5754CDBD22F71604009C40D9 /* ViewController.swift */ = {isa = PBXFileReference; lastKnownFileType = sourcecode.swift; path = ViewController.swift; sourceTree = "<group>"; };
		5754CDC022F71604009C40D9 /* Base */ = {isa = PBXFileReference; lastKnownFileType = file.storyboard; name = Base; path = Base.lproj/Main.storyboard; sourceTree = "<group>"; };
		5754CDC222F71605009C40D9 /* Assets.xcassets */ = {isa = PBXFileReference; lastKnownFileType = folder.assetcatalog; path = Assets.xcassets; sourceTree = "<group>"; };
		5754CDC522F71605009C40D9 /* Base */ = {isa = PBXFileReference; lastKnownFileType = file.storyboard; name = Base; path = Base.lproj/LaunchScreen.storyboard; sourceTree = "<group>"; };
		5754CDC722F71605009C40D9 /* Info.plist */ = {isa = PBXFileReference; lastKnownFileType = text.plist.xml; path = Info.plist; sourceTree = "<group>"; };
		5754CDCD22F72F38009C40D9 /* TestGitProject-Bridging-Header.h */ = {isa = PBXFileReference; lastKnownFileType = sourcecode.c.h; path = "TestGitProject-Bridging-Header.h"; sourceTree = "<group>"; };
		5754CDCE22F72F38009C40D9 /* TestHello.h */ = {isa = PBXFileReference; lastKnownFileType = sourcecode.c.h; path = TestHello.h; sourceTree = "<group>"; };
		5754CDCF22F72F38009C40D9 /* TestHello.m */ = {isa = PBXFileReference; lastKnownFileType = sourcecode.c.objc; path = TestHello.m; sourceTree = "<group>"; };
		5754CDD122F76A8D009C40D9 /* TestXib.xib */ = {isa = PBXFileReference; lastKnownFileType = file.xib; path = TestXib.xib; sourceTree = "<group>"; };
/* End PBXFileReference section */

/* Begin PBXFrameworksBuildPhase section */
		5754CDB522F71604009C40D9 /* Frameworks */ = {
			isa = PBXFrameworksBuildPhase;
			buildActionMask = 2147483647;
			files = (
			);
			runOnlyForDeploymentPostprocessing = 0;
		};
/* End PBXFrameworksBuildPhase section */

/* Begin PBXGroup section */
		5754CDAF22F71604009C40D9 = {
			isa = PBXGroup;
			children = (
				5754CDBA22F71604009C40D9 /* TestGitProject */,
				5754CDB922F71604009C40D9 /* Products */,
			);
			sourceTree = "<group>";
		};
		5754CDB922F71604009C40D9 /* Products */ = {
			isa = PBXGroup;
			children = (
				5754CDB822F71604009C40D9 /* TestGitProject.app */,
			);
			name = Products;
			sourceTree = "<group>";
		};
		5754CDBA22F71604009C40D9 /* TestGitProject */ = {
			isa = PBXGroup;
			children = (
				5754CDBB22F71604009C40D9 /* AppDelegate.swift */,
				5754CDBD22F71604009C40D9 /* ViewController.swift */,
				5754CDBF22F71604009C40D9 /* Main.storyboard */,
				5754CDC222F71605009C40D9 /* Assets.xcassets */,
				5754CDC422F71605009C40D9 /* LaunchScreen.storyboard */,
				5754CDC722F71605009C40D9 /* Info.plist */,
				5754CDCE22F72F38009C40D9 /* TestHello.h */,
				5754CDCF22F72F38009C40D9 /* TestHello.m */,
				5754CDCD22F72F38009C40D9 /* TestGitProject-Bridging-Header.h */,
				5754CDD122F76A8D009C40D9 /* TestXib.xib */,
			);
			path = TestGitProject;
			sourceTree = "<group>";
		};
/* End PBXGroup section */

/* Begin PBXNativeTarget section */
		5754CDB722F71604009C40D9 /* TestGitProject */ = {
			isa = PBXNativeTarget;
			buildConfigurationList = 5754CDCA22F71605009C40D9 /* Build configuration list for PBXNativeTarget "TestGitProject" */;
			buildPhases = (
				5754CDB422F71604009C40D9 /* Sources */,
				5754CDB522F71604009C40D9 /* Frameworks */,
				5754CDB622F71604009C40D9 /* Resources */,
			);
			buildRules = (
			);
			dependencies = (
			);
			name = TestGitProject;
			productName = TestGitProject;
			productReference = 5754CDB822F71604009C40D9 /* TestGitProject.app */;
			productType = "com.apple.product-type.application";
		};
/* End PBXNativeTarget section */

/* Begin PBXProject section */
		5754CDB022F71604009C40D9 /* Project object */ = {
			isa = PBXProject;
			attributes = {
				LastSwiftUpdateCheck = 1020;
				LastUpgradeCheck = 1020;
				ORGANIZATIONNAME = Surf;
				TargetAttributes = {
					5754CDB722F71604009C40D9 = {
						CreatedOnToolsVersion = 10.2;
						LastSwiftMigration = 1020;
					};
				};
			};
			buildConfigurationList = 5754CDB322F71604009C40D9 /* Build configuration list for PBXProject "TestGitProject" */;
			compatibilityVersion = "Xcode 9.3";
			developmentRegion = en;
			hasScannedForEncodings = 0;
			knownRegions = (
				en,
				Base,
			);
			mainGroup = 5754CDAF22F71604009C40D9;
			productRefGroup = 5754CDB922F71604009C40D9 /* Products */;
			projectDirPath = "";
			projectRoot = "";
			targets = (
				5754CDB722F71604009C40D9 /* TestGitProject */,
			);
		};
/* End PBXProject section */

/* Begin PBXResourcesBuildPhase section */
		5754CDB622F71604009C40D9 /* Resources */ = {
			isa = PBXResourcesBuildPhase;
			buildActionMask = 2147483647;
			files = (
				5754CDC622F71605009C40D9 /* LaunchScreen.storyboard in Resources */,
				5754CDC322F71605009C40D9 /* Assets.xcassets in Resources */,
				5754CDC122F71604009C40D9 /* Main.storyboard in Resources */,
				5754CDD222F76A8D009C40D9 /* TestXib.xib in Resources */,
			);
			runOnlyForDeploymentPostprocessing = 0;
		};
/* End PBXResourcesBuildPhase section */

/* Begin PBXSourcesBuildPhase section */
		5754CDB422F71604009C40D9 /* Sources */ = {
			isa = PBXSourcesBuildPhase;
			buildActionMask = 2147483647;
			files = (
				5754CDD022F72F38009C40D9 /* TestHello.m in Sources */,
				5754CDBE22F71604009C40D9 /* ViewController.swift in Sources */,
				5754CDBC22F71604009C40D9 /* AppDelegate.swift in Sources */,
			);
			runOnlyForDeploymentPostprocessing = 0;
		};
/* End PBXSourcesBuildPhase section */

/* Begin PBXVariantGroup section */
		5754CDBF22F71604009C40D9 /* Main.storyboard */ = {
			isa = PBXVariantGroup;
			children = (
				5754CDC022F71604009C40D9 /* Base */,
			);
			name = Main.storyboard;
			sourceTree = "<group>";
		};
		5754CDC422F71605009C40D9 /* LaunchScreen.storyboard */ = {
			isa = PBXVariantGroup;
			children = (
				5754CDC522F71605009C40D9 /* Base */,
			);
			name = LaunchScreen.storyboard;
			sourceTree = "<group>";
		};
/* End PBXVariantGroup section */

/* Begin XCBuildConfiguration section */
		5754CDC822F71605009C40D9 /* Debug */ = {
			isa = XCBuildConfiguration;
			buildSettings = {
				ALWAYS_SEARCH_USER_PATHS = NO;
				CLANG_ANALYZER_NONNULL = YES;
				CLANG_ANALYZER_NUMBER_OBJECT_CONVERSION = YES_AGGRESSIVE;
				CLANG_CXX_LANGUAGE_STANDARD = "gnu++14";
				CLANG_CXX_LIBRARY = "libc++";
				CLANG_ENABLE_MODULES = YES;
				CLANG_ENABLE_OBJC_ARC = YES;
				CLANG_ENABLE_OBJC_WEAK = YES;
				CLANG_WARN_BLOCK_CAPTURE_AUTORELEASING = YES;
				CLANG_WARN_BOOL_CONVERSION = YES;
				CLANG_WARN_COMMA = YES;
				CLANG_WARN_CONSTANT_CONVERSION = YES;
				CLANG_WARN_DEPRECATED_OBJC_IMPLEMENTATIONS = YES;
				CLANG_WARN_DIRECT_OBJC_ISA_USAGE = YES_ERROR;
				CLANG_WARN_DOCUMENTATION_COMMENTS = YES;
				CLANG_WARN_EMPTY_BODY = YES;
				CLANG_WARN_ENUM_CONVERSION = YES;
				CLANG_WARN_INFINITE_RECURSION = YES;
				CLANG_WARN_INT_CONVERSION = YES;
				CLANG_WARN_NON_LITERAL_NULL_CONVERSION = YES;
				CLANG_WARN_OBJC_IMPLICIT_RETAIN_SELF = YES;
				CLANG_WARN_OBJC_LITERAL_CONVERSION = YES;
				CLANG_WARN_OBJC_ROOT_CLASS = YES_ERROR;
				CLANG_WARN_RANGE_LOOP_ANALYSIS = YES;
				CLANG_WARN_STRICT_PROTOTYPES = YES;
				CLANG_WARN_SUSPICIOUS_MOVE = YES;
				CLANG_WARN_UNGUARDED_AVAILABILITY = YES_AGGRESSIVE;
				CLANG_WARN_UNREACHABLE_CODE = YES;
				CLANG_WARN__DUPLICATE_METHOD_MATCH = YES;
				CODE_SIGN_IDENTITY = "iPhone Developer";
				COPY_PHASE_STRIP = NO;
				DEBUG_INFORMATION_FORMAT = dwarf;
				ENABLE_STRICT_OBJC_MSGSEND = YES;
				ENABLE_TESTABILITY = YES;
				GCC_C_LANGUAGE_STANDARD = gnu11;
				GCC_DYNAMIC_NO_PIC = NO;
				GCC_NO_COMMON_BLOCKS = YES;
				GCC_OPTIMIZATION_LEVEL = 0;
				GCC_PREPROCESSOR_DEFINITIONS = (
					"DEBUG=1",
					"$(inherited)",
				);
				GCC_WARN_64_TO_32_BIT_CONVERSION = YES;
				GCC_WARN_ABOUT_RETURN_TYPE = YES_ERROR;
				GCC_WARN_UNDECLARED_SELECTOR = YES;
				GCC_WARN_UNINITIALIZED_AUTOS = YES_AGGRESSIVE;
				GCC_WARN_UNUSED_FUNCTION = YES;
				GCC_WARN_UNUSED_VARIABLE = YES;
				IPHONEOS_DEPLOYMENT_TARGET = 12.2;
				MTL_ENABLE_DEBUG_INFO = INCLUDE_SOURCE;
				MTL_FAST_MATH = YES;
				ONLY_ACTIVE_ARCH = YES;
				SDKROOT = iphoneos;
				SWIFT_ACTIVE_COMPILATION_CONDITIONS = DEBUG;
				SWIFT_OPTIMIZATION_LEVEL = "-Onone";
			};
			name = Debug;
		};
		5754CDC922F71605009C40D9 /* Release */ = {
			isa = XCBuildConfiguration;
			buildSettings = {
				ALWAYS_SEARCH_USER_PATHS = NO;
				CLANG_ANALYZER_NONNULL = YES;
				CLANG_ANALYZER_NUMBER_OBJECT_CONVERSION = YES_AGGRESSIVE;
				CLANG_CXX_LANGUAGE_STANDARD = "gnu++14";
				CLANG_CXX_LIBRARY = "libc++";
				CLANG_ENABLE_MODULES = YES;
				CLANG_ENABLE_OBJC_ARC = YES;
				CLANG_ENABLE_OBJC_WEAK = YES;
				CLANG_WARN_BLOCK_CAPTURE_AUTORELEASING = YES;
				CLANG_WARN_BOOL_CONVERSION = YES;
				CLANG_WARN_COMMA = YES;
				CLANG_WARN_CONSTANT_CONVERSION = YES;
				CLANG_WARN_DEPRECATED_OBJC_IMPLEMENTATIONS = YES;
				CLANG_WARN_DIRECT_OBJC_ISA_USAGE = YES_ERROR;
				CLANG_WARN_DOCUMENTATION_COMMENTS = YES;
				CLANG_WARN_EMPTY_BODY = YES;
				CLANG_WARN_ENUM_CONVERSION = YES;
				CLANG_WARN_INFINITE_RECURSION = YES;
				CLANG_WARN_INT_CONVERSION = YES;
				CLANG_WARN_NON_LITERAL_NULL_CONVERSION = YES;
				CLANG_WARN_OBJC_IMPLICIT_RETAIN_SELF = YES;
				CLANG_WARN_OBJC_LITERAL_CONVERSION = YES;
				CLANG_WARN_OBJC_ROOT_CLASS = YES_ERROR;
				CLANG_WARN_RANGE_LOOP_ANALYSIS = YES;
				CLANG_WARN_STRICT_PROTOTYPES = YES;
				CLANG_WARN_SUSPICIOUS_MOVE = YES;
				CLANG_WARN_UNGUARDED_AVAILABILITY = YES_AGGRESSIVE;
				CLANG_WARN_UNREACHABLE_CODE = YES;
				CLANG_WARN__DUPLICATE_METHOD_MATCH = YES;
				CODE_SIGN_IDENTITY = "iPhone Developer";
				COPY_PHASE_STRIP = NO;
				DEBUG_INFORMATION_FORMAT = "dwarf-with-dsym";
				ENABLE_NS_ASSERTIONS = NO;
				ENABLE_STRICT_OBJC_MSGSEND = YES;
				GCC_C_LANGUAGE_STANDARD = gnu11;
				GCC_NO_COMMON_BLOCKS = YES;
				GCC_WARN_64_TO_32_BIT_CONVERSION = YES;
				GCC_WARN_ABOUT_RETURN_TYPE = YES_ERROR;
				GCC_WARN_UNDECLARED_SELECTOR = YES;
				GCC_WARN_UNINITIALIZED_AUTOS = YES_AGGRESSIVE;
				GCC_WARN_UNUSED_FUNCTION = YES;
				GCC_WARN_UNUSED_VARIABLE = YES;
				IPHONEOS_DEPLOYMENT_TARGET = 12.2;
				MTL_ENABLE_DEBUG_INFO = NO;
				MTL_FAST_MATH = YES;
				SDKROOT = iphoneos;
				SWIFT_COMPILATION_MODE = wholemodule;
				SWIFT_OPTIMIZATION_LEVEL = "-O";
				VALIDATE_PRODUCT = YES;
			};
			name = Release;
		};
		5754CDCB22F71605009C40D9 /* Debug */ = {
			isa = XCBuildConfiguration;
			buildSettings = {
				ASSETCATALOG_COMPILER_APPICON_NAME = AppIcon;
				CLANG_ENABLE_MODULES = YES;
				CODE_SIGN_STYLE = Automatic;
				DEVELOPMENT_TEAM = DEESDC93HV;
				INFOPLIST_FILE = TestGitProject/Info.plist;
				LD_RUNPATH_SEARCH_PATHS = (
					"$(inherited)",
					"@executable_path/Frameworks",
				);
				PRODUCT_BUNDLE_IDENTIFIER = ru.zenit.ZenitOnline.TestGitProject;
				PRODUCT_NAME = "$(TARGET_NAME)";
				SWIFT_OBJC_BRIDGING_HEADER = "TestGitProject/TestGitProject-Bridging-Header.h";
				SWIFT_OPTIMIZATION_LEVEL = "-Onone";
				SWIFT_VERSION = 5.0;
				TARGETED_DEVICE_FAMILY = "1,2";
			};
			name = Debug;
		};
		5754CDCC22F71605009C40D9 /* Release */ = {
			isa = XCBuildConfiguration;
			buildSettings = {
				ASSETCATALOG_COMPILER_APPICON_NAME = AppIcon;
				CLANG_ENABLE_MODULES = YES;
				CODE_SIGN_STYLE = Automatic;
				DEVELOPMENT_TEAM = DEESDC93HV;
				INFOPLIST_FILE = TestGitProject/Info.plist;
				LD_RUNPATH_SEARCH_PATHS = (
					"$(inherited)",
					"@executable_path/Frameworks",
				);
				PRODUCT_BUNDLE_IDENTIFIER = ru.zenit.ZenitOnline.TestGitProject;
				PRODUCT_NAME = "$(TARGET_NAME)";
				SWIFT_OBJC_BRIDGING_HEADER = "TestGitProject/TestGitProject-Bridging-Header.h";
				SWIFT_VERSION = 5.0;
				TARGETED_DEVICE_FAMILY = "1,2";
			};
			name = Release;
		};
/* End XCBuildConfiguration section */

/* Begin XCConfigurationList section */
		5754CDB322F71604009C40D9 /* Build configuration list for PBXProject "TestGitProject" */ = {
			isa = XCConfigurationList;
			buildConfigurations = (
				5754CDC822F71605009C40D9 /* Debug */,
				5754CDC922F71605009C40D9 /* Release */,
			);
			defaultConfigurationIsVisible = 0;
			defaultConfigurationName = Release;
		};
		5754CDCA22F71605009C40D9 /* Build configuration list for PBXNativeTarget "TestGitProject" */ = {
			isa = XCConfigurationList;
			buildConfigurations = (
				5754CDCB22F71605009C40D9 /* Debug */,
				5754CDCC22F71605009C40D9 /* Release */,
			);
			defaultConfigurationIsVisible = 0;
			defaultConfigurationName = Release;
		};
/* End XCConfigurationList section */
	};
	rootObject = 5754CDB022F71604009C40D9 /* Project object */;
}
